
Microsoft Visual Studio Solution File, Format Version 12.00
# Visual Studio Version 16
VisualStudioVersion = 16.0.32630.194
MinimumVisualStudioVersion = 10.0.40219.1
Project("{FAE04EC0-301F-11D3-BF4B-00C04F79EFBC}") = "StudentAdminPortal.API", "StudentAdminPortal.API\StudentAdminPortal.API.csproj", "{F2EE1A0C-FC70-41F8-8B7B-47B3274EB78C}"
EndProject
Global
	GlobalSection(SolutionConfigurationPlatforms) = preSolution
		Debug|Any CPU = Debug|Any CPU
		Release|Any CPU = Release|Any CPU
	EndGlobalSection
	GlobalSection(ProjectConfigurationPlatforms) = postSolution
		{F2EE1A0C-FC70-41F8-8B7B-47B3274EB78C}.Debug|Any CPU.ActiveCfg = Debug|Any CPU
		{F2EE1A0C-FC70-41F8-8B7B-47B3274EB78C}.Debug|Any CPU.Build.0 = Debug|Any CPU
		{F2EE1A0C-FC70-41F8-8B7B-47B3274EB78C}.Release|Any CPU.ActiveCfg = Release|Any CPU
		{F2EE1A0C-FC70-41F8-8B7B-47B3274EB78C}.Release|Any CPU.Build.0 = Release|Any CPU
	EndGlobalSection
	GlobalSection(SolutionProperties) = preSolution
		HideSolutionNode = FALSE
	EndGlobalSection
	GlobalSection(ExtensibilityGlobals) = postSolution
		SolutionGuid = {BF727FF5-09B4-4AB7-9BCD-112B21472FEA}
	EndGlobalSection
EndGlobal
